
Microsoft Visual Studio Solution File, Format Version 12.00
# Visual Studio 2013
VisualStudioVersion = 12.0.30723.0
MinimumVisualStudioVersion = 10.0.40219.1
Project("{F14B399A-7131-4C87-9E4B-1186C45EF12D}") = "SSRS_Harjoitus_1201125", "SSRS_Harjoitus_1201125\SSRS_Harjoitus_1201125.rptproj", "{91395598-6EE5-4CE2-9269-3127DB1F0F0D}"
EndProject
Global
	GlobalSection(SolutionConfigurationPlatforms) = preSolution
		Debug|Default = Debug|Default
		DebugLocal|Default = DebugLocal|Default
		Release|Default = Release|Default
	EndGlobalSection
	GlobalSection(ProjectConfigurationPlatforms) = postSolution
		{91395598-6EE5-4CE2-9269-3127DB1F0F0D}.Debug|Default.ActiveCfg = Debug
		{91395598-6EE5-4CE2-9269-3127DB1F0F0D}.Debug|Default.Build.0 = Debug
		{91395598-6EE5-4CE2-9269-3127DB1F0F0D}.Debug|Default.Deploy.0 = Debug
		{91395598-6EE5-4CE2-9269-3127DB1F0F0D}.DebugLocal|Default.ActiveCfg = DebugLocal
		{91395598-6EE5-4CE2-9269-3127DB1F0F0D}.DebugLocal|Default.Build.0 = DebugLocal
		{91395598-6EE5-4CE2-9269-3127DB1F0F0D}.Release|Default.ActiveCfg = Release
		{91395598-6EE5-4CE2-9269-3127DB1F0F0D}.Release|Default.Build.0 = Release
		{91395598-6EE5-4CE2-9269-3127DB1F0F0D}.Release|Default.Deploy.0 = Release
	EndGlobalSection
	GlobalSection(SolutionProperties) = preSolution
		HideSolutionNode = FALSE
	EndGlobalSection
EndGlobal
